github.com/KalbiProject/Kalbi v0.0.1-alpha/go.mod h1:dkvdF/I4bz9HjghjAPuDG7ddFndBzs6VvJY9taspOtE=
github.com/KalbiProject/Kalbi v0.0.1-alpha.4 h1:PaYsNtDfbtJMiAx1BnGMwZExD5Q6ohGrF5E48Lc1CKg=
github.com/KalbiProject/Kalbi v0.0.1-alpha.4/go.mod h1:dkvdF/I4bz9HjghjAPuDG7ddFndBzs6VvJY9taspOtE=
github.com/KalbiProject/Kalbi v0.0.1-alpha.18 h1:02Ptah6WacNqGdAtk0fmSTc4CchtQ/bWiQUs9ANadqE=
github.com/KalbiProject/Kalbi v0.0.1-alpha.18/go.mod h1:gtBDvdHBXGdkmigl641Od8Ck5EsRvzvkcZAZx98vv64=
github.com/KalbiProject/Kalbi v0.0.1-alpha.19 h1:ITChIWTRWi6SdJrwJ0LbOcrdKMXGSzc6KchpQ1Aojn0=
github.com/KalbiProject/Kalbi v0.0.1-alpha.19/go.mod h1:dkvdF/I4bz9HjghjAPuDG7ddFndBzs6VvJY9taspOtE=
github.com/KalbiProject/Kalbi v0.0.1-alpha.20 h1:c1vvyBqPyu0JxAgH87gx/flOZq+lssfG6yzQVFnKw/A=
github.com/KalbiProject/Kalbi v0.0.1-alpha.20/go.mod h1:dkvdF/I4bz9HjghjAPuDG7ddFndBzs6VvJY9taspOtE=
github.com/KalbiProject/Kalbi v0.0.1-alpha.21 h1:K7rEMa7QGp84wzlqlYmQAo43pcaALyYgk+8sthBLgB8=
github.com/KalbiProject/Kalbi v0.0.1-alpha.21/go.mod h1:dkvdF/I4bz9HjghjAPuDG7ddFndBzs6VvJY9taspOtE=
github.com/KalbiProject/Kalbi v0.0.1-alpha.22 h1:Gh2qz4+Mi56bh/YGwvmQUwI0nekhZlwOkN+2I2t+230=
github.com/KalbiProject/Kalbi v0.0.1-alpha.22/go.mod h1:dkvdF/I4bz9HjghjAPuDG7ddFndBzs6VvJY9taspOtE=
github.com/KalbiProject/Kalbi v0.0.1-alpha.24 h1:a6GKlxD1Bos4VEu87JX+zyQfO0E9L+BqpLb1DR1Lm/Q=
github.com/KalbiProject/Kalbi v0.0.1-alpha.24/go.mod h1:dkvdF/I4bz9HjghjAPuDG7ddFndBzs6VvJY9taspOtE=
github.com/KalbiProject/Kalbi v0.0.1-alpha.25 h1:H3kzQYq8ummCee3bHyT5SR0HAKn30cKoHHp/ImQ+W5c=
github.com/KalbiProject/Kalbi v0.0.1-alpha.25/go.mod h1:dkvdF/I4bz9HjghjAPuDG7ddFndBzs6VvJY9taspOtE=
github.com/KalbiProject/Kalbi v0.0.1-alpha.26 h1:iKFcxNkBN0cM+zygWNfD1c82e1GNGc9GzGjQilpQqbA=
github.com/KalbiProject/Kalbi v0.0.1-alpha.26/go.mod h1:dkvdF/I4bz9HjghjAPuDG7ddFndBzs6VvJY9taspOtE=
github.com/KalbiProject/Kalbi v0.0.1-alpha.27 h1:gDvVL5XMxFD2alhXfRaLH7jtWi2e/ijOKUaxPupaaAk=
github.com/KalbiProject/Kalbi v0.0.1-alpha.27/go.mod h1:dkvdF/I4bz9HjghjAPuDG7ddFndBzs6VvJY9taspOtE=
github.com/KalbiProject/Kalbi v0.0.1-alpha.29 h1:B5D6SxGr+wOYD8/BL9AyGjXhbwkp4sk2dFHsehU0nvM=
github.com/KalbiProject/Kalbi v0.0.1-alpha.29/go.mod h1:dkvdF/I4bz9HjghjAPuDG7ddFndBzs6VvJY9taspOtE=
github.com/KalbiProject/Kalbi v0.0.1-alpha.30 h1:DsS0Hu5FywtoQgykm5KSPczeT8H8DzMJA4cvvA95zYo=
github.com/KalbiProject/Kalbi v0.0.1-alpha.30/go.mod h1:dkvdF/I4bz9HjghjAPuDG7ddFndBzs6VvJY9taspOtE=
github.com/KalbiProject/Kalbi v0.0.1-alpha.31 h1:cd6DdqZAENTyFpWfZHGVC+B5Wr83XzmRNsShDn1wefM=
github.com/KalbiProject/Kalbi v0.0.1-alpha.31/go.mod h1:dkvdF/I4bz9HjghjAPuDG7ddFndBzs6VvJY9taspOtE=
github.com/KalbiProject/Kalbi v0.0.1-alpha.32 h1:G0tMhsEqmqwSgcX0eUcnLyXH6NpcJI+34KtOkRzWhCA=
github.com/KalbiProject/Kalbi v0.0.1-alpha.32/go.mod h1:dkvdF/I4bz9HjghjAPuDG7ddFndBzs6VvJY9taspOtE=
github.com/KalbiProject/Kalbi v0.0.1-alpha.33 h1:DViEAWE93LuGmfXFIazABqImRSnFga5jD8h0agTiNjs=
github.com/KalbiProject/Kalbi v0.0.1-alpha.33/go.mod h1:dkvdF/I4bz9HjghjAPuDG7ddFndBzs6VvJY9taspOtE=
github.com/KalbiProject/Kalbi v0.0.1-alpha.34 h1:CwvAoeLp3nP3qayvaokNvOAVFyCXWsjFUWiGleZ2a4s=
github.com/KalbiProject/Kalbi v0.0.1-alpha.34/go.mod h1:dkvdF/I4bz9HjghjAPuDG7ddFndBzs6VvJY9taspOtE=
github.com/KalbiProject/Kalbi v0.0.1-alpha.35 h1:1ERW9T07cUiWxkPp0RTtgFThAETRQ3pRCkO0Yt2fR30=
github.com/KalbiProject/Kalbi v0.0.1-alpha.35/go.mod h1:dkvdF/I4bz9HjghjAPuDG7ddFndBzs6VvJY9taspOtE=
github.com/davecgh/go-spew v1.1.1/go.mod h1:J7Y8YcW2NihsgmVo/mv3lAwl/skON4iLHjSsI+c5H38=
github.com/gorilla/mux v1.8.0 h1:i40aqfkR1h2SlN9hojwV5ZA91wcXFOvkdNIeFDP5koI=
github.com/gorilla/mux v1.8.0/go.mod h1:DVbg23sWSpFRCP0SfiEN6jmj59UnW/n46BH5rLB71So=
github.com/looplab/fsm v0.2.0 h1:M8hf5EF4AYLcT1FNKVUX8nu7D0xfp291iGeuigSxfrw=
github.com/looplab/fsm v0.2.0/go.mod h1:p+IElwgCnAByqr2DWMuNbPjgMwqcHvTRZZn3dvKEke0=
github.com/pmezard/go-difflib v1.0.0/go.mod h1:iKH77koFhYxTK1pcRnkKkqfTogsbg7gZNVY4sRDYZ/4=
github.com/sirupsen/logrus v1.7.0 h1:ShrD1U9pZB12TX0cVy0DtePoCH97K8EtX+mg7ZARUtM=
github.com/sirupsen/logrus v1.7.0/go.mod h1:yWOB1SBYBC5VeMP7gHvWumXLIWorT60ONWic61uBYv0=
github.com/stretchr/testify v1.2.2/go.mod h1:a8OnRcib4nhh0OaRAV+Yts87kKdq0PP7pXfy6kDkUVs=
golang.org/x/sys v0.0.0-20191026070338-33540a1f6037 h1:YyJpGZS1sBuBCzLAR1VEpK193GlqGZbnPFnPV/5Rsb4=
golang.org/x/sys v0.0.0-20191026070338-33540a1f6037/go.mod h1:h1NjWce9XRLGQEsW7wpKNCjG9DtNlClVuFLEZdDNbEs=
